lockfileVersion: '9.0'

settings:
  autoInstallPeers: true
  excludeLinksFromLockfile: false

importers:

  .:
    dependencies:
      vscode-languageclient:
        specifier: ^9.0.1
        version: 9.0.1
    devDependencies:
      '@biomejs/biome':
        specifier: 2.3.10
        version: 2.3.10
      '@types/node':
        specifier: ~25.0.1
        version: 25.0.3
      '@types/vscode':
        specifier: ^1.107.0
        version: 1.107.0
      rolldown:
        specifier: 1.0.0-beta.55
        version: 1.0.0-beta.55
      typescript:
        specifier: ^5.9.3
        version: 5.9.3

packages:

  '@biomejs/biome@2.3.10':
    resolution: {integrity: sha512-/uWSUd1MHX2fjqNLHNL6zLYWBbrJeG412/8H7ESuK8ewoRoMPUgHDebqKrPTx/5n6f17Xzqc9hdg3MEqA5hXnQ==}
    engines: {node: '>=14.21.3'}
    hasBin: true

  '@biomejs/cli-darwin-arm64@2.3.10':
    resolution: {integrity: sha512-M6xUjtCVnNGFfK7HMNKa593nb7fwNm43fq1Mt71kpLpb+4mE7odO8W/oWVDyBVO4ackhresy1ZYO7OJcVo/B7w==}
    engines: {node: '>=14.21.3'}
    cpu: [arm64]
    os: [darwin]

  '@biomejs/cli-darwin-x64@2.3.10':
    resolution: {integrity: sha512-Vae7+V6t/Avr8tVbFNjnFSTKZogZHFYl7MMH62P/J1kZtr0tyRQ9Fe0onjqjS2Ek9lmNLmZc/VR5uSekh+p1fg==}
    engines: {node: '>=14.21.3'}
    cpu: [x64]
    os: [darwin]

  '@biomejs/cli-linux-arm64-musl@2.3.10':
    resolution: {integrity: sha512-B9DszIHkuKtOH2IFeeVkQmSMVUjss9KtHaNXquYYWCjH8IstNgXgx5B0aSBQNr6mn4RcKKRQZXn9Zu1rM3O0/A==}
    engines: {node: '>=14.21.3'}
    cpu: [arm64]
    os: [linux]

  '@biomejs/cli-linux-arm64@2.3.10':
    resolution: {integrity: sha512-hhPw2V3/EpHKsileVOFynuWiKRgFEV48cLe0eA+G2wO4SzlwEhLEB9LhlSrVeu2mtSn205W283LkX7Fh48CaxA==}
    engines: {node: '>=14.21.3'}
    cpu: [arm64]
    os: [linux]

  '@biomejs/cli-linux-x64-musl@2.3.10':
    resolution: {integrity: sha512-QTfHZQh62SDFdYc2nfmZFuTm5yYb4eO1zwfB+90YxUumRCR171tS1GoTX5OD0wrv4UsziMPmrePMtkTnNyYG3g==}
    engines: {node: '>=14.21.3'}
    cpu: [x64]
    os: [linux]

  '@biomejs/cli-linux-x64@2.3.10':
    resolution: {integrity: sha512-wwAkWD1MR95u+J4LkWP74/vGz+tRrIQvr8kfMMJY8KOQ8+HMVleREOcPYsQX82S7uueco60L58Wc6M1I9WA9Dw==}
    engines: {node: '>=14.21.3'}
    cpu: [x64]
    os: [linux]

  '@biomejs/cli-win32-arm64@2.3.10':
    resolution: {integrity: sha512-o7lYc9n+CfRbHvkjPhm8s9FgbKdYZu5HCcGVMItLjz93EhgJ8AM44W+QckDqLA9MKDNFrR8nPbO4b73VC5kGGQ==}
    engines: {node: '>=14.21.3'}
    cpu: [arm64]
    os: [win32]

  '@biomejs/cli-win32-x64@2.3.10':
    resolution: {integrity: sha512-pHEFgq7dUEsKnqG9mx9bXihxGI49X+ar+UBrEIj3Wqj3UCZp1rNgV+OoyjFgcXsjCWpuEAF4VJdkZr3TrWdCbQ==}
    engines: {node: '>=14.21.3'}
    cpu: [x64]
    os: [win32]

  '@emnapi/core@1.7.1':
    resolution: {integrity: sha512-o1uhUASyo921r2XtHYOHy7gdkGLge8ghBEQHMWmyJFoXlpU58kIrhhN3w26lpQb6dspetweapMn2CSNwQ8I4wg==}

  '@emnapi/runtime@1.7.1':
    resolution: {integrity: sha512-PVtJr5CmLwYAU9PZDMITZoR5iAOShYREoR45EyyLrbntV50mdePTgUn4AmOw90Ifcj+x2kRjdzr1HP3RrNiHGA==}

  '@emnapi/wasi-threads@1.1.0':
    resolution: {integrity: sha512-WI0DdZ8xFSbgMjR1sFsKABJ/C5OnRrjT06JXbZKexJGrDuPTzZdDYfFlsgcCXCyf+suG5QU2e/y1Wo2V/OapLQ==}

  '@napi-rs/wasm-runtime@1.1.0':
    resolution: {integrity: sha512-Fq6DJW+Bb5jaWE69/qOE0D1TUN9+6uWhCeZpdnSBk14pjLcCWR7Q8n49PTSPHazM37JqrsdpEthXy2xn6jWWiA==}

  '@oxc-project/types@0.103.0':
    resolution: {integrity: sha512-bkiYX5kaXWwUessFRSoXFkGIQTmc6dLGdxuRTrC+h8PSnIdZyuXHHlLAeTmOue5Br/a0/a7dHH0Gca6eXn9MKg==}

  '@rolldown/binding-android-arm64@1.0.0-beta.55':
    resolution: {integrity: sha512-5cPpHdO+zp+klznZnIHRO1bMHDq5hS9cqXodEKAaa/dQTPDjnE91OwAsy3o1gT2x4QaY8NzdBXAvutYdaw0WeA==}
    engines: {node: ^20.19.0 || >=22.12.0}
    cpu: [arm64]
    os: [android]

  '@rolldown/binding-darwin-arm64@1.0.0-beta.55':
    resolution: {integrity: sha512-l0887CGU2SXZr0UJmeEcXSvtDCOhDTTYXuoWbhrEJ58YQhQk24EVhDhHMTyjJb1PBRniUgNc1G0T51eF8z+TWw==}
    engines: {node: ^20.19.0 || >=22.12.0}
    cpu: [arm64]
    os: [darwin]

  '@rolldown/binding-darwin-x64@1.0.0-beta.55':
    resolution: {integrity: sha512-d7qP2AVYzN0tYIP4vJ7nmr26xvmlwdkLD/jWIc9Z9dqh5y0UGPigO3m5eHoHq9BNazmwdD9WzDHbQZyXFZjgtA==}
    engines: {node: ^20.19.0 || >=22.12.0}
    cpu: [x64]
    os: [darwin]

  '@rolldown/binding-freebsd-x64@1.0.0-beta.55':
    resolution: {integrity: sha512-j311E4NOB0VMmXHoDDZhrWidUf7L/Sa6bu/+i2cskvHKU40zcUNPSYeD2YiO2MX+hhDFa5bJwhliYfs+bTrSZw==}
    engines: {node: ^20.19.0 || >=22.12.0}
    cpu: [x64]
    os: [freebsd]

  '@rolldown/binding-linux-arm-gnueabihf@1.0.0-beta.55':
    resolution: {integrity: sha512-lAsaYWhfNTW2A/9O7zCpb5eIJBrFeNEatOS/DDOZ5V/95NHy50g4b/5ViCqchfyFqRb7MKUR18/+xWkIcDkeIw==}
    engines: {node: ^20.19.0 || >=22.12.0}
    cpu: [arm]
    os: [linux]

  '@rolldown/binding-linux-arm64-gnu@1.0.0-beta.55':
    resolution: {integrity: sha512-2x6ffiVLZrQv7Xii9+JdtyT1U3bQhKj59K3eRnYlrXsKyjkjfmiDUVx2n+zSyijisUqD62fcegmx2oLLfeTkCA==}
    engines: {node: ^20.19.0 || >=22.12.0}
    cpu: [arm64]
    os: [linux]

  '@rolldown/binding-linux-arm64-musl@1.0.0-beta.55':
    resolution: {integrity: sha512-QbNncvqAXziya5wleI+OJvmceEE15vE4yn4qfbI/hwT/+8ZcqxyfRZOOh62KjisXxp4D0h3JZspycXYejxAU3w==}
    engines: {node: ^20.19.0 || >=22.12.0}
    cpu: [arm64]
    os: [linux]

  '@rolldown/binding-linux-x64-gnu@1.0.0-beta.55':
    resolution: {integrity: sha512-YZCTZZM+rujxwVc6A+QZaNMJXVtmabmFYLG2VGQTKaBfYGvBKUgtbMEttnp/oZ88BMi2DzadBVhOmfQV8SuHhw==}
    engines: {node: ^20.19.0 || >=22.12.0}
    cpu: [x64]
    os: [linux]

  '@rolldown/binding-linux-x64-musl@1.0.0-beta.55':
    resolution: {integrity: sha512-28q9OQ/DDpFh2keS4BVAlc3N65/wiqKbk5K1pgLdu/uWbKa8hgUJofhXxqO+a+Ya2HVTUuYHneWsI2u+eu3N5Q==}
    engines: {node: ^20.19.0 || >=22.12.0}
    cpu: [x64]
    os: [linux]

  '@rolldown/binding-openharmony-arm64@1.0.0-beta.55':
    resolution: {integrity: sha512-LiCA4BjCnm49B+j1lFzUtlC+4ZphBv0d0g5VqrEJua/uyv9Ey1v9tiaMql1C8c0TVSNDUmrkfHQ71vuQC7YfpQ==}
    engines: {node: ^20.19.0 || >=22.12.0}
    cpu: [arm64]
    os: [openharmony]

  '@rolldown/binding-wasm32-wasi@1.0.0-beta.55':
    resolution: {integrity: sha512-nZ76tY7T0Oe8vamz5Cv5CBJvrqeQxwj1WaJ2GxX8Msqs0zsQMMcvoyxOf0glnJlxxgKjtoBxAOxaAU8ERbW6Tg==}
    engines: {node: '>=14.0.0'}
    cpu: [wasm32]

  '@rolldown/binding-win32-arm64-msvc@1.0.0-beta.55':
    resolution: {integrity: sha512-TFVVfLfhL1G+pWspYAgPK/FSqjiBtRKYX9hixfs508QVEZPQlubYAepHPA7kEa6lZXYj5ntzF87KC6RNhxo+ew==}
    engines: {node: ^20.19.0 || >=22.12.0}
    cpu: [arm64]
    os: [win32]

  '@rolldown/binding-win32-x64-msvc@1.0.0-beta.55':
    resolution: {integrity: sha512-j1WBlk0p+ISgLzMIgl0xHp1aBGXenoK2+qWYc/wil2Vse7kVOdFq9aeQ8ahK6/oxX2teQ5+eDvgjdywqTL+daA==}
    engines: {node: ^20.19.0 || >=22.12.0}
    cpu: [x64]
    os: [win32]

  '@rolldown/pluginutils@1.0.0-beta.55':
    resolution: {integrity: sha512-vajw/B3qoi7aYnnD4BQ4VoCcXQWnF0roSwE2iynbNxgW4l9mFwtLmLmUhpDdcTBfKyZm1p/T0D13qG94XBLohA==}

  '@tybys/wasm-util@0.10.1':
    resolution: {integrity: sha512-9tTaPJLSiejZKx+Bmog4uSubteqTvFrVrURwkmHixBo0G4seD0zUxp98E1DzUBJxLQ3NPwXrGKDiVjwx/DpPsg==}

  '@types/node@25.0.3':
    resolution: {integrity: sha512-W609buLVRVmeW693xKfzHeIV6nJGGz98uCPfeXI1ELMLXVeKYZ9m15fAMSaUPBHYLGFsVRcMmSCksQOrZV9BYA==}

  '@types/vscode@1.107.0':
    resolution: {integrity: sha512-XS8YE1jlyTIowP64+HoN30OlC1H9xqSlq1eoLZUgFEC8oUTO6euYZxti1xRiLSfZocs4qytTzR6xCBYtioQTCg==}

  balanced-match@1.0.2:
    resolution: {integrity: sha512-3oSeUO0TMV67hN1AmbXsK4yaqU7tjiHlbxRDZOpH0KW9+CeX4bRAaX0Anxt0tx2MrpRpWwQaPwIlISEJhYU5Pw==}

  brace-expansion@2.0.2:
    resolution: {integrity: sha512-Jt0vHyM+jmUBqojB7E1NIYadt0vI0Qxjxd2TErW94wDz+E2LAm5vKMXXwg6ZZBTHPuUlDgQHKXvjGBdfcF1ZDQ==}

  minimatch@5.1.6:
    resolution: {integrity: sha512-lKwV/1brpG6mBUFHtb7NUmtABCb2WZZmm2wNiOA5hAb8VdCS4B3dtMWyvcoViccwAW/COERjXLt0zP1zXUN26g==}
    engines: {node: '>=10'}

  rolldown@1.0.0-beta.55:
    resolution: {integrity: sha512-r8Ws43aYCnfO07ao0SvQRz4TBAtZJjGWNvScRBOHuiNHvjfECOJBIqJv0nUkL1GYcltjvvHswRilDF1ocsC0+g==}
    engines: {node: ^20.19.0 || >=22.12.0}
    hasBin: true

  semver@7.7.3:
    resolution: {integrity: sha512-SdsKMrI9TdgjdweUSR9MweHA4EJ8YxHn8DFaDisvhVlUOe4BF1tLD7GAj0lIqWVl+dPb/rExr0Btby5loQm20Q==}
    engines: {node: '>=10'}
    hasBin: true

  tslib@2.8.1:
    resolution: {integrity: sha512-oJFu94HQb+KVduSUQL7wnpmqnfmLsOA/nAh6b6EH0wCEoK0/mPeXU6c3wKDV83MkOuHPRHtSXKKU99IBazS/2w==}

  typescript@5.9.3:
    resolution: {integrity: sha512-jl1vZzPDinLr9eUt3J/t7V6FgNEw9QjvBPdysz9KfQDD41fQrC2Y4vKQdiaUpFT4bXlb1RHhLpp8wtm6M5TgSw==}
    engines: {node: '>=14.17'}
    hasBin: true

  undici-types@7.16.0:
    resolution: {integrity: sha512-Zz+aZWSj8LE6zoxD+xrjh4VfkIG8Ya6LvYkZqtUQGJPZjYl53ypCaUwWqo7eI0x66KBGeRo+mlBEkMSeSZ38Nw==}

  vscode-jsonrpc@8.2.0:
    resolution: {integrity: sha512-C+r0eKJUIfiDIfwJhria30+TYWPtuHJXHtI7J0YlOmKAo7ogxP20T0zxB7HZQIFhIyvoBPwWskjxrvAtfjyZfA==}
    engines: {node: '>=14.0.0'}

  vscode-languageclient@9.0.1:
    resolution: {integrity: sha512-JZiimVdvimEuHh5olxhxkht09m3JzUGwggb5eRUkzzJhZ2KjCN0nh55VfiED9oez9DyF8/fz1g1iBV3h+0Z2EA==}
    engines: {vscode: ^1.82.0}

  vscode-languageserver-protocol@3.17.5:
    resolution: {integrity: sha512-mb1bvRJN8SVznADSGWM9u/b07H7Ecg0I3OgXDuLdn307rl/J3A9YD6/eYOssqhecL27hK1IPZAsaqh00i/Jljg==}

  vscode-languageserver-types@3.17.5:
    resolution: {integrity: sha512-Ld1VelNuX9pdF39h2Hgaeb5hEZM2Z3jUrrMgWQAu82jMtZp7p3vJT3BzToKtZI7NgQssZje5o0zryOrhQvzQAg==}

snapshots:

  '@biomejs/biome@2.3.10':
    optionalDependencies:
      '@biomejs/cli-darwin-arm64': 2.3.10
      '@biomejs/cli-darwin-x64': 2.3.10
      '@biomejs/cli-linux-arm64': 2.3.10
      '@biomejs/cli-linux-arm64-musl': 2.3.10
      '@biomejs/cli-linux-x64': 2.3.10
      '@biomejs/cli-linux-x64-musl': 2.3.10
      '@biomejs/cli-win32-arm64': 2.3.10
      '@biomejs/cli-win32-x64': 2.3.10

  '@biomejs/cli-darwin-arm64@2.3.10':
    optional: true

  '@biomejs/cli-darwin-x64@2.3.10':
    optional: true

  '@biomejs/cli-linux-arm64-musl@2.3.10':
    optional: true

  '@biomejs/cli-linux-arm64@2.3.10':
    optional: true

  '@biomejs/cli-linux-x64-musl@2.3.10':
    optional: true

  '@biomejs/cli-linux-x64@2.3.10':
    optional: true

  '@biomejs/cli-win32-arm64@2.3.10':
    optional: true

  '@biomejs/cli-win32-x64@2.3.10':
    optional: true

  '@emnapi/core@1.7.1':
    dependencies:
      '@emnapi/wasi-threads': 1.1.0
      tslib: 2.8.1
    optional: true

  '@emnapi/runtime@1.7.1':
    dependencies:
      tslib: 2.8.1
    optional: true

  '@emnapi/wasi-threads@1.1.0':
    dependencies:
      tslib: 2.8.1
    optional: true

  '@napi-rs/wasm-runtime@1.1.0':
    dependencies:
      '@emnapi/core': 1.7.1
      '@emnapi/runtime': 1.7.1
      '@tybys/wasm-util': 0.10.1
    optional: true

  '@oxc-project/types@0.103.0': {}

  '@rolldown/binding-android-arm64@1.0.0-beta.55':
    optional: true

  '@rolldown/binding-darwin-arm64@1.0.0-beta.55':
    optional: true

  '@rolldown/binding-darwin-x64@1.0.0-beta.55':
    optional: true

  '@rolldown/binding-freebsd-x64@1.0.0-beta.55':
    optional: true

  '@rolldown/binding-linux-arm-gnueabihf@1.0.0-beta.55':
    optional: true

  '@rolldown/binding-linux-arm64-gnu@1.0.0-beta.55':
    optional: true

  '@rolldown/binding-linux-arm64-musl@1.0.0-beta.55':
    optional: true

  '@rolldown/binding-linux-x64-gnu@1.0.0-beta.55':
    optional: true

  '@rolldown/binding-linux-x64-musl@1.0.0-beta.55':
    optional: true

  '@rolldown/binding-openharmony-arm64@1.0.0-beta.55':
    optional: true

  '@rolldown/binding-wasm32-wasi@1.0.0-beta.55':
    dependencies:
      '@napi-rs/wasm-runtime': 1.1.0
    optional: true

  '@rolldown/binding-win32-arm64-msvc@1.0.0-beta.55':
    optional: true

  '@rolldown/binding-win32-x64-msvc@1.0.0-beta.55':
    optional: true

  '@rolldown/pluginutils@1.0.0-beta.55': {}

  '@tybys/wasm-util@0.10.1':
    dependencies:
      tslib: 2.8.1
    optional: true

  '@types/node@25.0.3':
    dependencies:
      undici-types: 7.16.0

  '@types/vscode@1.107.0': {}

  balanced-match@1.0.2: {}

  brace-expansion@2.0.2:
    dependencies:
      balanced-match: 1.0.2

  minimatch@5.1.6:
    dependencies:
      brace-expansion: 2.0.2

  rolldown@1.0.0-beta.55:
    dependencies:
      '@oxc-project/types': 0.103.0
      '@rolldown/pluginutils': 1.0.0-beta.55
    optionalDependencies:
      '@rolldown/binding-android-arm64': 1.0.0-beta.55
      '@rolldown/binding-darwin-arm64': 1.0.0-beta.55
      '@rolldown/binding-darwin-x64': 1.0.0-beta.55
      '@rolldown/binding-freebsd-x64': 1.0.0-beta.55
      '@rolldown/binding-linux-arm-gnueabihf': 1.0.0-beta.55
      '@rolldown/binding-linux-arm64-gnu': 1.0.0-beta.55
      '@rolldown/binding-linux-arm64-musl': 1.0.0-beta.55
      '@rolldown/binding-linux-x64-gnu': 1.0.0-beta.55
      '@rolldown/binding-linux-x64-musl': 1.0.0-beta.55
      '@rolldown/binding-openharmony-arm64': 1.0.0-beta.55
      '@rolldown/binding-wasm32-wasi': 1.0.0-beta.55
      '@rolldown/binding-win32-arm64-msvc': 1.0.0-beta.55
      '@rolldown/binding-win32-x64-msvc': 1.0.0-beta.55

  semver@7.7.3: {}

  tslib@2.8.1:
    optional: true

  typescript@5.9.3: {}

  undici-types@7.16.0: {}

  vscode-jsonrpc@8.2.0: {}

  vscode-languageclient@9.0.1:
    dependencies:
      minimatch: 5.1.6
      semver: 7.7.3
      vscode-languageserver-protocol: 3.17.5

  vscode-languageserver-protocol@3.17.5:
    dependencies:
      vscode-jsonrpc: 8.2.0
      vscode-languageserver-types: 3.17.5

  vscode-languageserver-types@3.17.5: {}
