lockfileVersion: '9.0'

settings:
  autoInstallPeers: true
  excludeLinksFromLockfile: false

importers:

  .:
    dependencies:
      vscode-languageclient:
        specifier: ^9.0.1
        version: 9.0.1
    devDependencies:
      '@biomejs/biome':
        specifier: 2.3.9
        version: 2.3.9
      '@types/node':
        specifier: ~25.0.1
        version: 25.0.3
      '@types/vscode':
        specifier: ^1.107.0
        version: 1.107.0
      rolldown:
        specifier: 1.0.0-beta.54
        version: 1.0.0-beta.54
      typescript:
        specifier: ^5.9.3
        version: 5.9.3

packages:

  '@biomejs/biome@2.3.9':
    resolution: {integrity: sha512-js+34KpnY65I00k8P71RH0Uh2rJk4BrpxMGM5m2nBfM9XTlKE5N1URn5ydILPRyXXq4ebhKCjsvR+txS+D4z2A==}
    engines: {node: '>=14.21.3'}
    hasBin: true

  '@biomejs/cli-darwin-arm64@2.3.9':
    resolution: {integrity: sha512-hHbYYnna/WBwem5iCpssQQLtm5ey8ADuDT8N2zqosk6LVWimlEuUnPy6Mbzgu4GWVriyL5ijWd+1zphX6ll4/A==}
    engines: {node: '>=14.21.3'}
    cpu: [arm64]
    os: [darwin]

  '@biomejs/cli-darwin-x64@2.3.9':
    resolution: {integrity: sha512-sKMW5fpvGDmPdqCchtVH5MVlbVeSU3ad4CuKS45x8VHt3tNSC8CZ2QbxffAOKYK9v/mAeUiPC6Cx6+wtyU1q7g==}
    engines: {node: '>=14.21.3'}
    cpu: [x64]
    os: [darwin]

  '@biomejs/cli-linux-arm64-musl@2.3.9':
    resolution: {integrity: sha512-JOHyG2nl8XDpncbMazm1uBSi1dPX9VbQDOjKcfSVXTqajD0PsgodMOKyuZ/PkBu5Lw877sWMTGKfEfpM7jE7Cw==}
    engines: {node: '>=14.21.3'}
    cpu: [arm64]
    os: [linux]

  '@biomejs/cli-linux-arm64@2.3.9':
    resolution: {integrity: sha512-BXBB6HbAgZI6T6QB8q6NSwIapVngqArP6K78BqkMerht7YjL6yWctqfeTnJm0qGF2bKBYFexslrbV+VTlM2E6g==}
    engines: {node: '>=14.21.3'}
    cpu: [arm64]
    os: [linux]

  '@biomejs/cli-linux-x64-musl@2.3.9':
    resolution: {integrity: sha512-FUkb/5beCIC2trpqAbW9e095X4vamdlju80c1ExSmhfdrojLZnWkah/XfTSixKb/dQzbAjpD7vvs6rWkJ+P07Q==}
    engines: {node: '>=14.21.3'}
    cpu: [x64]
    os: [linux]

  '@biomejs/cli-linux-x64@2.3.9':
    resolution: {integrity: sha512-PjYuv2WLmvf0WtidxAkFjlElsn0P6qcvfPijrqu1j+3GoW3XSQh3ywGu7gZ25J25zrYj3KEovUjvUZB55ATrGw==}
    engines: {node: '>=14.21.3'}
    cpu: [x64]
    os: [linux]

  '@biomejs/cli-win32-arm64@2.3.9':
    resolution: {integrity: sha512-w48Yh/XbYHO2cBw8B5laK3vCAEKuocX5ItGXVDAqFE7Ze2wnR00/1vkY6GXglfRDOjWHu2XtxI0WKQ52x1qxEA==}
    engines: {node: '>=14.21.3'}
    cpu: [arm64]
    os: [win32]

  '@biomejs/cli-win32-x64@2.3.9':
    resolution: {integrity: sha512-90+J63VT7qImy9s3pkWL0ZX27VzVwMNCRzpLpe5yMzMYPbO1vcjL/w/Q5f/juAGMvP7a2Fd0H7IhAR6F7/i78A==}
    engines: {node: '>=14.21.3'}
    cpu: [x64]
    os: [win32]

  '@emnapi/core@1.7.1':
    resolution: {integrity: sha512-o1uhUASyo921r2XtHYOHy7gdkGLge8ghBEQHMWmyJFoXlpU58kIrhhN3w26lpQb6dspetweapMn2CSNwQ8I4wg==}

  '@emnapi/runtime@1.7.1':
    resolution: {integrity: sha512-PVtJr5CmLwYAU9PZDMITZoR5iAOShYREoR45EyyLrbntV50mdePTgUn4AmOw90Ifcj+x2kRjdzr1HP3RrNiHGA==}

  '@emnapi/wasi-threads@1.1.0':
    resolution: {integrity: sha512-WI0DdZ8xFSbgMjR1sFsKABJ/C5OnRrjT06JXbZKexJGrDuPTzZdDYfFlsgcCXCyf+suG5QU2e/y1Wo2V/OapLQ==}

  '@napi-rs/wasm-runtime@1.1.0':
    resolution: {integrity: sha512-Fq6DJW+Bb5jaWE69/qOE0D1TUN9+6uWhCeZpdnSBk14pjLcCWR7Q8n49PTSPHazM37JqrsdpEthXy2xn6jWWiA==}

  '@oxc-project/types@0.102.0':
    resolution: {integrity: sha512-8Skrw405g+/UJPKWJ1twIk3BIH2nXdiVlVNtYT23AXVwpsd79es4K+KYt06Fbnkc5BaTvk/COT2JuCLYdwnCdA==}

  '@rolldown/binding-android-arm64@1.0.0-beta.54':
    resolution: {integrity: sha512-zZRx/ur3Fai3fxiEmVp48+6GCBR48PRWJR1X3TTMn9yiq2bBHlYPgBaQtDOYWXv5H3J5dXujeTyGnuoY+kdGCg==}
    engines: {node: ^20.19.0 || >=22.12.0}
    cpu: [arm64]
    os: [android]

  '@rolldown/binding-darwin-arm64@1.0.0-beta.54':
    resolution: {integrity: sha512-zMyFEJmbIs91x22HAA/eUvmZHgjX8tGsD3TJ+WC9aY4bCdl3w84H9vMZmChSHAF1dYvGNH4KQDI2IubeZaCYtg==}
    engines: {node: ^20.19.0 || >=22.12.0}
    cpu: [arm64]
    os: [darwin]

  '@rolldown/binding-darwin-x64@1.0.0-beta.54':
    resolution: {integrity: sha512-Ex7QttdaVnEpmE/zroUT5Qm10e2+Vjd9q0LX9eXm59SitxDODMpC8GI1Rct5RrLf4GLU4DzdXBj6DGzuR+6g6w==}
    engines: {node: ^20.19.0 || >=22.12.0}
    cpu: [x64]
    os: [darwin]

  '@rolldown/binding-freebsd-x64@1.0.0-beta.54':
    resolution: {integrity: sha512-E1XO10ryM/Vxw3Q1wvs9s2mSpVBfbHtzkbJcdu26qh17ZmVwNWLiIoqEcbkXm028YwkReG4Gd2gCZ3NxgTQ28Q==}
    engines: {node: ^20.19.0 || >=22.12.0}
    cpu: [x64]
    os: [freebsd]

  '@rolldown/binding-linux-arm-gnueabihf@1.0.0-beta.54':
    resolution: {integrity: sha512-oS73Uks8jczQR9pg0Bj718vap/x71exyJ5yuxu4X5V4MhwRQnky7ANSPm6ARUfraxOqt49IBfcMeGnw2rTSqdA==}
    engines: {node: ^20.19.0 || >=22.12.0}
    cpu: [arm]
    os: [linux]

  '@rolldown/binding-linux-arm64-gnu@1.0.0-beta.54':
    resolution: {integrity: sha512-pY8N2X5C+/ZQcy0eRdfOzOP//OFngP1TaIqDjFwfBPws2UNavKS8SpxhPEgUaYIaT0keVBd/TB+eVy9z+CIOtw==}
    engines: {node: ^20.19.0 || >=22.12.0}
    cpu: [arm64]
    os: [linux]

  '@rolldown/binding-linux-arm64-musl@1.0.0-beta.54':
    resolution: {integrity: sha512-cgTooAFm2MUmFriB7IYaWBNyqrGlRPKG+yaK2rGFl2rcdOcO24urY4p3eyB0ogqsRLvJbIxwjjYiWiIP7Eo1Cw==}
    engines: {node: ^20.19.0 || >=22.12.0}
    cpu: [arm64]
    os: [linux]

  '@rolldown/binding-linux-x64-gnu@1.0.0-beta.54':
    resolution: {integrity: sha512-nGyLT1Qau0W+kEL44V2jhHmvfS3wyJW08E4WEu2E6NuIy+uChKN1X0aoxzFIDi2owDsYaZYez/98/f268EupIQ==}
    engines: {node: ^20.19.0 || >=22.12.0}
    cpu: [x64]
    os: [linux]

  '@rolldown/binding-linux-x64-musl@1.0.0-beta.54':
    resolution: {integrity: sha512-KH374P0TUjDXssROT/orvzaWrzGOptD13PTrltgKwbDprJTMknoLiYsOD6Ttz92O2VuAcCtFuJ1xbyFM2Uo/Xg==}
    engines: {node: ^20.19.0 || >=22.12.0}
    cpu: [x64]
    os: [linux]

  '@rolldown/binding-openharmony-arm64@1.0.0-beta.54':
    resolution: {integrity: sha512-oMAVO4wbfAbhpBxPsSp8R7ntL2DchpNfO+tGhN8/sI9jsbYwOv78uIW1fTwOBslhjTVFltGJ+l23mubNQcYNaQ==}
    engines: {node: ^20.19.0 || >=22.12.0}
    cpu: [arm64]
    os: [openharmony]

  '@rolldown/binding-wasm32-wasi@1.0.0-beta.54':
    resolution: {integrity: sha512-MYY/FmY+HehHiQkNx04W5oLy/Fqd1hXYqZmmorSDXvAHnxMbSgmdFicKsSYOg/sVGHBMEP1tTn6kV5sWrS45rA==}
    engines: {node: '>=14.0.0'}
    cpu: [wasm32]

  '@rolldown/binding-win32-arm64-msvc@1.0.0-beta.54':
    resolution: {integrity: sha512-66o3uKxUmcYskT9exskxs3OVduXf5x0ndlMkYOjSpBgqzhLtkub136yDvZkNT1OkNDET0odSwcU7aWdpnwzAyg==}
    engines: {node: ^20.19.0 || >=22.12.0}
    cpu: [arm64]
    os: [win32]

  '@rolldown/binding-win32-x64-msvc@1.0.0-beta.54':
    resolution: {integrity: sha512-FbbbrboChLBXfeEsOfaypBGqzbdJ/CcSA2BPLCggojnIHy58Jo+AXV7HATY8opZk7194rRbokIT8AfPJtZAWtg==}
    engines: {node: ^20.19.0 || >=22.12.0}
    cpu: [x64]
    os: [win32]

  '@rolldown/pluginutils@1.0.0-beta.54':
    resolution: {integrity: sha512-AHgcZ+w7RIRZ65ihSQL8YuoKcpD9Scew4sEeP1BBUT9QdTo6KjwHrZZXjID6nL10fhKessCH6OPany2QKwAwTQ==}

  '@tybys/wasm-util@0.10.1':
    resolution: {integrity: sha512-9tTaPJLSiejZKx+Bmog4uSubteqTvFrVrURwkmHixBo0G4seD0zUxp98E1DzUBJxLQ3NPwXrGKDiVjwx/DpPsg==}

  '@types/node@25.0.3':
    resolution: {integrity: sha512-W609buLVRVmeW693xKfzHeIV6nJGGz98uCPfeXI1ELMLXVeKYZ9m15fAMSaUPBHYLGFsVRcMmSCksQOrZV9BYA==}

  '@types/vscode@1.107.0':
    resolution: {integrity: sha512-XS8YE1jlyTIowP64+HoN30OlC1H9xqSlq1eoLZUgFEC8oUTO6euYZxti1xRiLSfZocs4qytTzR6xCBYtioQTCg==}

  balanced-match@1.0.2:
    resolution: {integrity: sha512-3oSeUO0TMV67hN1AmbXsK4yaqU7tjiHlbxRDZOpH0KW9+CeX4bRAaX0Anxt0tx2MrpRpWwQaPwIlISEJhYU5Pw==}

  brace-expansion@2.0.2:
    resolution: {integrity: sha512-Jt0vHyM+jmUBqojB7E1NIYadt0vI0Qxjxd2TErW94wDz+E2LAm5vKMXXwg6ZZBTHPuUlDgQHKXvjGBdfcF1ZDQ==}

  minimatch@5.1.6:
    resolution: {integrity: sha512-lKwV/1brpG6mBUFHtb7NUmtABCb2WZZmm2wNiOA5hAb8VdCS4B3dtMWyvcoViccwAW/COERjXLt0zP1zXUN26g==}
    engines: {node: '>=10'}

  rolldown@1.0.0-beta.54:
    resolution: {integrity: sha512-3lIvjCWgjPL3gmiATUdV1NeVBGJZy6FdtwgLPol25tAkn46Q/MsVGfCSNswXwFOxGrxglPaN20IeALSIFuFyEg==}
    engines: {node: ^20.19.0 || >=22.12.0}
    hasBin: true

  semver@7.7.3:
    resolution: {integrity: sha512-SdsKMrI9TdgjdweUSR9MweHA4EJ8YxHn8DFaDisvhVlUOe4BF1tLD7GAj0lIqWVl+dPb/rExr0Btby5loQm20Q==}
    engines: {node: '>=10'}
    hasBin: true

  tslib@2.8.1:
    resolution: {integrity: sha512-oJFu94HQb+KVduSUQL7wnpmqnfmLsOA/nAh6b6EH0wCEoK0/mPeXU6c3wKDV83MkOuHPRHtSXKKU99IBazS/2w==}

  typescript@5.9.3:
    resolution: {integrity: sha512-jl1vZzPDinLr9eUt3J/t7V6FgNEw9QjvBPdysz9KfQDD41fQrC2Y4vKQdiaUpFT4bXlb1RHhLpp8wtm6M5TgSw==}
    engines: {node: '>=14.17'}
    hasBin: true

  undici-types@7.16.0:
    resolution: {integrity: sha512-Zz+aZWSj8LE6zoxD+xrjh4VfkIG8Ya6LvYkZqtUQGJPZjYl53ypCaUwWqo7eI0x66KBGeRo+mlBEkMSeSZ38Nw==}

  vscode-jsonrpc@8.2.0:
    resolution: {integrity: sha512-C+r0eKJUIfiDIfwJhria30+TYWPtuHJXHtI7J0YlOmKAo7ogxP20T0zxB7HZQIFhIyvoBPwWskjxrvAtfjyZfA==}
    engines: {node: '>=14.0.0'}

  vscode-languageclient@9.0.1:
    resolution: {integrity: sha512-JZiimVdvimEuHh5olxhxkht09m3JzUGwggb5eRUkzzJhZ2KjCN0nh55VfiED9oez9DyF8/fz1g1iBV3h+0Z2EA==}
    engines: {vscode: ^1.82.0}

  vscode-languageserver-protocol@3.17.5:
    resolution: {integrity: sha512-mb1bvRJN8SVznADSGWM9u/b07H7Ecg0I3OgXDuLdn307rl/J3A9YD6/eYOssqhecL27hK1IPZAsaqh00i/Jljg==}

  vscode-languageserver-types@3.17.5:
    resolution: {integrity: sha512-Ld1VelNuX9pdF39h2Hgaeb5hEZM2Z3jUrrMgWQAu82jMtZp7p3vJT3BzToKtZI7NgQssZje5o0zryOrhQvzQAg==}

snapshots:

  '@biomejs/biome@2.3.9':
    optionalDependencies:
      '@biomejs/cli-darwin-arm64': 2.3.9
      '@biomejs/cli-darwin-x64': 2.3.9
      '@biomejs/cli-linux-arm64': 2.3.9
      '@biomejs/cli-linux-arm64-musl': 2.3.9
      '@biomejs/cli-linux-x64': 2.3.9
      '@biomejs/cli-linux-x64-musl': 2.3.9
      '@biomejs/cli-win32-arm64': 2.3.9
      '@biomejs/cli-win32-x64': 2.3.9

  '@biomejs/cli-darwin-arm64@2.3.9':
    optional: true

  '@biomejs/cli-darwin-x64@2.3.9':
    optional: true

  '@biomejs/cli-linux-arm64-musl@2.3.9':
    optional: true

  '@biomejs/cli-linux-arm64@2.3.9':
    optional: true

  '@biomejs/cli-linux-x64-musl@2.3.9':
    optional: true

  '@biomejs/cli-linux-x64@2.3.9':
    optional: true

  '@biomejs/cli-win32-arm64@2.3.9':
    optional: true

  '@biomejs/cli-win32-x64@2.3.9':
    optional: true

  '@emnapi/core@1.7.1':
    dependencies:
      '@emnapi/wasi-threads': 1.1.0
      tslib: 2.8.1
    optional: true

  '@emnapi/runtime@1.7.1':
    dependencies:
      tslib: 2.8.1
    optional: true

  '@emnapi/wasi-threads@1.1.0':
    dependencies:
      tslib: 2.8.1
    optional: true

  '@napi-rs/wasm-runtime@1.1.0':
    dependencies:
      '@emnapi/core': 1.7.1
      '@emnapi/runtime': 1.7.1
      '@tybys/wasm-util': 0.10.1
    optional: true

  '@oxc-project/types@0.102.0': {}

  '@rolldown/binding-android-arm64@1.0.0-beta.54':
    optional: true

  '@rolldown/binding-darwin-arm64@1.0.0-beta.54':
    optional: true

  '@rolldown/binding-darwin-x64@1.0.0-beta.54':
    optional: true

  '@rolldown/binding-freebsd-x64@1.0.0-beta.54':
    optional: true

  '@rolldown/binding-linux-arm-gnueabihf@1.0.0-beta.54':
    optional: true

  '@rolldown/binding-linux-arm64-gnu@1.0.0-beta.54':
    optional: true

  '@rolldown/binding-linux-arm64-musl@1.0.0-beta.54':
    optional: true

  '@rolldown/binding-linux-x64-gnu@1.0.0-beta.54':
    optional: true

  '@rolldown/binding-linux-x64-musl@1.0.0-beta.54':
    optional: true

  '@rolldown/binding-openharmony-arm64@1.0.0-beta.54':
    optional: true

  '@rolldown/binding-wasm32-wasi@1.0.0-beta.54':
    dependencies:
      '@napi-rs/wasm-runtime': 1.1.0
    optional: true

  '@rolldown/binding-win32-arm64-msvc@1.0.0-beta.54':
    optional: true

  '@rolldown/binding-win32-x64-msvc@1.0.0-beta.54':
    optional: true

  '@rolldown/pluginutils@1.0.0-beta.54': {}

  '@tybys/wasm-util@0.10.1':
    dependencies:
      tslib: 2.8.1
    optional: true

  '@types/node@25.0.3':
    dependencies:
      undici-types: 7.16.0

  '@types/vscode@1.107.0': {}

  balanced-match@1.0.2: {}

  brace-expansion@2.0.2:
    dependencies:
      balanced-match: 1.0.2

  minimatch@5.1.6:
    dependencies:
      brace-expansion: 2.0.2

  rolldown@1.0.0-beta.54:
    dependencies:
      '@oxc-project/types': 0.102.0
      '@rolldown/pluginutils': 1.0.0-beta.54
    optionalDependencies:
      '@rolldown/binding-android-arm64': 1.0.0-beta.54
      '@rolldown/binding-darwin-arm64': 1.0.0-beta.54
      '@rolldown/binding-darwin-x64': 1.0.0-beta.54
      '@rolldown/binding-freebsd-x64': 1.0.0-beta.54
      '@rolldown/binding-linux-arm-gnueabihf': 1.0.0-beta.54
      '@rolldown/binding-linux-arm64-gnu': 1.0.0-beta.54
      '@rolldown/binding-linux-arm64-musl': 1.0.0-beta.54
      '@rolldown/binding-linux-x64-gnu': 1.0.0-beta.54
      '@rolldown/binding-linux-x64-musl': 1.0.0-beta.54
      '@rolldown/binding-openharmony-arm64': 1.0.0-beta.54
      '@rolldown/binding-wasm32-wasi': 1.0.0-beta.54
      '@rolldown/binding-win32-arm64-msvc': 1.0.0-beta.54
      '@rolldown/binding-win32-x64-msvc': 1.0.0-beta.54

  semver@7.7.3: {}

  tslib@2.8.1:
    optional: true

  typescript@5.9.3: {}

  undici-types@7.16.0: {}

  vscode-jsonrpc@8.2.0: {}

  vscode-languageclient@9.0.1:
    dependencies:
      minimatch: 5.1.6
      semver: 7.7.3
      vscode-languageserver-protocol: 3.17.5

  vscode-languageserver-protocol@3.17.5:
    dependencies:
      vscode-jsonrpc: 8.2.0
      vscode-languageserver-types: 3.17.5

  vscode-languageserver-types@3.17.5: {}
